{
  "lockfileVersion": 1,
  "workspaces": {
    "": {
      "name": "valype-workspace",
      "dependencies": {
        "oxc-parser": "latest",
      },
    },
  },
  "packages": {
    "@emnapi/core": ["@emnapi/core@1.4.4", "", { "dependencies": { "@emnapi/wasi-threads": "1.0.3", "tslib": "^2.4.0" } }, "sha512-A9CnAbC6ARNMKcIcrQwq6HeHCjpcBZ5wSx4U01WXCqEKlrzB9F9315WDNHkrs2xbx7YjjSxbUYxuN6EQzpcY2g=="],

    "@emnapi/runtime": ["@emnapi/runtime@1.4.4", "", { "dependencies": { "tslib": "^2.4.0" } }, "sha512-hHyapA4A3gPaDCNfiqyZUStTMqIkKRshqPIuDOXv1hcBnD4U3l8cP0T1HMCfGRxQ6V64TGCcoswChANyOAwbQg=="],

    "@emnapi/wasi-threads": ["@emnapi/wasi-threads@1.0.3", "", { "dependencies": { "tslib": "^2.4.0" } }, "sha512-8K5IFFsQqF9wQNJptGbS6FNKgUTsSRYnTqNCG1vPP8jFdjSv18n2mQfJpkt2Oibo9iBEzcDnDxNwKTzC7svlJw=="],

    "@napi-rs/wasm-runtime": ["@napi-rs/wasm-runtime@1.0.0", "", { "dependencies": { "@emnapi/core": "^1.4.3", "@emnapi/runtime": "^1.4.3", "@tybys/wasm-util": "^0.10.0" } }, "sha512-OInwPIZhcQ+aWOBFMUXzv95RLDTBRPaNPm5kSFJaL3gVAMVxrzc0YXNsVeLPHf+4sTviOy2e5wZdvKILb7dC/w=="],

    "@oxc-parser/binding-android-arm64": ["@oxc-parser/binding-android-arm64@0.77.2", "", { "os": "android", "cpu": "arm64" }, "sha512-vQRLzsNhj9p3ElHgzX5yScORTWU7R8QFnwSanOMnWcjp1AZmTqG1gP2QkSEHQ1H3XTB3embFmghH8sh6XmIj7w=="],

    "@oxc-parser/binding-darwin-arm64": ["@oxc-parser/binding-darwin-arm64@0.77.2", "", { "os": "darwin", "cpu": "arm64" }, "sha512-amTm7J54/wm3BKT2q6PWwRbXgfye5qxGVgpC12ATpqv8jW4J+VA9kJH9pp9utya4C7MHsLplT+ZJwKP4zQmBtg=="],

    "@oxc-parser/binding-darwin-x64": ["@oxc-parser/binding-darwin-x64@0.77.2", "", { "os": "darwin", "cpu": "x64" }, "sha512-0T9gFEpU6tYhkFJHzSokb2zvKQq/Tlwh2s+2HnRRXnNp0ZEhI2VKptvw+Q7+FfyStLEQ5s6Y+wfYNdZnnA8YAw=="],

    "@oxc-parser/binding-freebsd-x64": ["@oxc-parser/binding-freebsd-x64@0.77.2", "", { "os": "freebsd", "cpu": "x64" }, "sha512-n0UEyYVOq1dPTNCgVC+aatF/QH509EVS9DyGCTHBxGmjRapcHkcQC2j1KDrMMinIUmekxsLYKG6oWVC2qZ/3Dg=="],

    "@oxc-parser/binding-linux-arm-gnueabihf": ["@oxc-parser/binding-linux-arm-gnueabihf@0.77.2", "", { "os": "linux", "cpu": "arm" }, "sha512-Uhr6wmVMr8EVKFZU590H/X7Kra1C9DiVo/9mWFLEbUbdhYKBbetqP4OXlO2tzYJbtpEQNf5hDo+q5907alfyZw=="],

    "@oxc-parser/binding-linux-arm-musleabihf": ["@oxc-parser/binding-linux-arm-musleabihf@0.77.2", "", { "os": "linux", "cpu": "arm" }, "sha512-81gQLovgCUQ69y3lXJYvLuBbgrf9LBInUxLYhig9axubGddvcjWBIkEe4rqWGhE5HtsN1jMnHwYwUtf62Bmctw=="],

    "@oxc-parser/binding-linux-arm64-gnu": ["@oxc-parser/binding-linux-arm64-gnu@0.77.2", "", { "os": "linux", "cpu": "arm64" }, "sha512-h37sw25I39S00ruJQsWUYL72w4lWAla63Sk/RrYPBcarX6yLByVjGuPmf/i4ItYns88L/yNStHCfrDZr3h1Wlg=="],

    "@oxc-parser/binding-linux-arm64-musl": ["@oxc-parser/binding-linux-arm64-musl@0.77.2", "", { "os": "linux", "cpu": "arm64" }, "sha512-i1nxZ7xUi4crrJn3f4u1DTyggNNYUCm0L63xWD+0KfZQs757sw1YRD9WYFfIFW9Dbps0dnKhyFXkQ/uSGgL2JQ=="],

    "@oxc-parser/binding-linux-riscv64-gnu": ["@oxc-parser/binding-linux-riscv64-gnu@0.77.2", "", { "os": "linux", "cpu": "none" }, "sha512-1t2nm5oGRcwicmrRtTlz2a8E4P2PQV2J4x17XpH2tY8CSvGgmx1IeL9orNyjjxO9wRwRhpUvdJGFXnCMGr32zA=="],

    "@oxc-parser/binding-linux-s390x-gnu": ["@oxc-parser/binding-linux-s390x-gnu@0.77.2", "", { "os": "linux", "cpu": "s390x" }, "sha512-my+0d+8VvnX7hghlle0zzM9A2Ipxum3KNjItYKkGZDUMX41JUybAkRYx2k85uqIxIEnXDVnQrISyhmw42u4yzA=="],

    "@oxc-parser/binding-linux-x64-gnu": ["@oxc-parser/binding-linux-x64-gnu@0.77.2", "", { "os": "linux", "cpu": "x64" }, "sha512-vYD8Esbs00qMD8Spk9vq3TIsZ+n9ym/4vIGExgHZCHOX2y1erRagmNpZkLTqHeOOkr8NuhynQa/lrMX/rFSoiQ=="],

    "@oxc-parser/binding-linux-x64-musl": ["@oxc-parser/binding-linux-x64-musl@0.77.2", "", { "os": "linux", "cpu": "x64" }, "sha512-Zldt2es4uZewhGPYHf92I5rnzhmHXVbYnj6mjW4Dq+3cHubFOQ/+1Diu2qGX1Wnu1QqGHhnjKpEFpDNrqznZeQ=="],

    "@oxc-parser/binding-wasm32-wasi": ["@oxc-parser/binding-wasm32-wasi@0.77.2", "", { "dependencies": { "@napi-rs/wasm-runtime": "^1.0.0" }, "cpu": "none" }, "sha512-cFQIOj8Gvd7J5KD1jtH36r3tOK4sbUT2OV0bxZezSB8qezTPET+DlE0JwtYdm2+lgcKNWBaSLdA795CCcrRFxQ=="],

    "@oxc-parser/binding-win32-arm64-msvc": ["@oxc-parser/binding-win32-arm64-msvc@0.77.2", "", { "os": "win32", "cpu": "arm64" }, "sha512-fCXuiOaoWG5zBYoErFykMRGFeR2oYbH18oUV7lsVB1/f/jBdcWkITmKPnMWJmdXMWx1w2/SZReoTTkb0OoUFvQ=="],

    "@oxc-parser/binding-win32-x64-msvc": ["@oxc-parser/binding-win32-x64-msvc@0.77.2", "", { "os": "win32", "cpu": "x64" }, "sha512-BesX+QV+21pengcfxC0lu8VCeIXrPs20G0a0aJjmlw9y8QAq/dXxY+FkIMY7CUgs590x9bcNaUFLTl1JMZXk1A=="],

    "@oxc-project/types": ["@oxc-project/types@0.77.2", "", {}, "sha512-+ZFWJF8ZBTOIO5PiNohNIw7JBzJCybScfrhLh65tcHCAtqaQkVDonjRD1HmMV/RF3rtt3r88hzSyTqvXs4j7vw=="],

    "@tybys/wasm-util": ["@tybys/wasm-util@0.10.0", "", { "dependencies": { "tslib": "^2.4.0" } }, "sha512-VyyPYFlOMNylG45GoAe0xDoLwWuowvf92F9kySqzYh8vmYm7D2u4iUJKa1tOUpS70Ku13ASrOkS4ScXFsTaCNQ=="],

    "oxc-parser": ["oxc-parser@0.77.2", "", { "dependencies": { "@oxc-project/types": "^0.77.2" }, "optionalDependencies": { "@oxc-parser/binding-android-arm64": "0.77.2", "@oxc-parser/binding-darwin-arm64": "0.77.2", "@oxc-parser/binding-darwin-x64": "0.77.2", "@oxc-parser/binding-freebsd-x64": "0.77.2", "@oxc-parser/binding-linux-arm-gnueabihf": "0.77.2", "@oxc-parser/binding-linux-arm-musleabihf": "0.77.2", "@oxc-parser/binding-linux-arm64-gnu": "0.77.2", "@oxc-parser/binding-linux-arm64-musl": "0.77.2", "@oxc-parser/binding-linux-riscv64-gnu": "0.77.2", "@oxc-parser/binding-linux-s390x-gnu": "0.77.2", "@oxc-parser/binding-linux-x64-gnu": "0.77.2", "@oxc-parser/binding-linux-x64-musl": "0.77.2", "@oxc-parser/binding-wasm32-wasi": "0.77.2", "@oxc-parser/binding-win32-arm64-msvc": "0.77.2", "@oxc-parser/binding-win32-x64-msvc": "0.77.2" } }, "sha512-+FMfYsACcAcoeVJfvewk9FeSVXO2maiv78hE1zHzQPwLB7QTdsharc08HnBa0bUPl9D1dfzs20wPGmLLY2HYtg=="],

    "tslib": ["tslib@2.8.1", "", {}, "sha512-oJFu94HQb+KVduSUQL7wnpmqnfmLsOA/nAh6b6EH0wCEoK0/mPeXU6c3wKDV83MkOuHPRHtSXKKU99IBazS/2w=="],
  }
}
